// !$*UTF8*$!
{
	archiveVersion = 1;
	classes = {
	};
	objectVersion = 56;
	objects = {

/* Begin PBXBuildFile section */
		0A5E603AEA70D82D982C2472 /* StoreManager.swift in Sources */ = {isa = PBXBuildFile; fileRef = A75546D554C6F98500D00C4A /* StoreManager.swift */; };
		1BC995D9506B243A69710A3D /* terminal_type.wav in Resources */ = {isa = PBXBuildFile; fileRef = E353CAF5616CDFF66A0B72EF /* terminal_type.wav */; };
		29F324529CF59935FBFACB11 /* ReviewManager.swift in Sources */ = {isa = PBXBuildFile; fileRef = 465374ED9F81D2E25CA313BD /* ReviewManager.swift */; };
		2F3FAAF30719F665A19AA5F3 /* achievement.wav in Resources */ = {isa = PBXBuildFile; fileRef = 169C0881A1A85D114C13DB0F /* achievement.wav */; };
		3763539E710B3C9071DF0C71 /* streak_milestone.wav in Resources */ = {isa = PBXBuildFile; fileRef = 744D159F24E0F444A9E05151 /* streak_milestone.wav */; };
		442D73B85923F3788453BEB5 /* LaunchScreen.swift in Sources */ = {isa = PBXBuildFile; fileRef = 27346A7F7E6BCFB51663C378 /* LaunchScreen.swift */; };
		447834A86DB2C23DD4C98060 /* MatrixHabitWidget.swift in Sources */ = {isa = PBXBuildFile; fileRef = 4668DA011E394FD441410964 /* MatrixHabitWidget.swift */; };
		492E93962F77CCF4BCCCE054 /* DateHelperTests.swift in Sources */ = {isa = PBXBuildFile; fileRef = 5E87ED45BDE6FDAFBD3ACF7D /* DateHelperTests.swift */; };
		5E56CD481D26C06B084EAF52 /* LaunchScreen.storyboard in Resources */ = {isa = PBXBuildFile; fileRef = 46EFA478ED02B83874290ECA /* LaunchScreen.storyboard */; };
		67EFD91C8FCFCD6FA7B5D004 /* Foundation.framework in Frameworks */ = {isa = PBXBuildFile; fileRef = 43C088720660EF148AE5EB81 /* Foundation.framework */; };
		68B3B229D7C242CEC08E9C6D /* protocol_complete.wav in Resources */ = {isa = PBXBuildFile; fileRef = FD45AF3888E4A411E42F5919 /* protocol_complete.wav */; };
		7307B7B77AF069BAE0DD9F15 /* level_up.wav in Resources */ = {isa = PBXBuildFile; fileRef = AE37942D2C58372361438ED6 /* level_up.wav */; };
		79D31BDB5636FF1AFEE8C6DE /* PowerModelTests.swift in Sources */ = {isa = PBXBuildFile; fileRef = AE8FA29CD5AF187514CE7A21 /* PowerModelTests.swift */; };
		7E38BF593F19B146347EB034 /* button_tap.wav in Resources */ = {isa = PBXBuildFile; fileRef = 657FC22F1BB665E84708F3D1 /* button_tap.wav */; };
		84FED044452FD91380D3E9F2 /* WidgetDataManager.swift in Sources */ = {isa = PBXBuildFile; fileRef = 18A2B614440173E161C8C791 /* WidgetDataManager.swift */; };
		852622C14586109AC8BFB97B /* emp_token.wav in Resources */ = {isa = PBXBuildFile; fileRef = A2391B164664DBF38516EAB8 /* emp_token.wav */; };
		85C01190660CC48F5ABF34E0 /* relapse.wav in Resources */ = {isa = PBXBuildFile; fileRef = AB6854DD93AB6C8D0636DA90 /* relapse.wav */; };
		8ED4E16FC66D1E4C860BAA1C /* hold_progress.wav in Resources */ = {isa = PBXBuildFile; fileRef = 903B865343E0674F8A0D02CE /* hold_progress.wav */; };
		9027234DAA2863A5A92D3F39 /* AgentModelTests.swift in Sources */ = {isa = PBXBuildFile; fileRef = A592456D85393BE521FFF5B9 /* AgentModelTests.swift */; };
		9589E8C436701EA2B00813CB /* MatrixHabitWidgetExtension.appex in Embed App Extensions */ = {isa = PBXBuildFile; fileRef = BACF54F5E4495AAA1E8C958A /* MatrixHabitWidgetExtension.appex */; };
		A07F01D86CAE814474D67506 /* FrequencySchedulingTests.swift in Sources */ = {isa = PBXBuildFile; fileRef = F6CEB398142C7F3D85608A39 /* FrequencySchedulingTests.swift */; };
		A10000000000000000000001 /* MatrixHabitApp.swift in Sources */ = {isa = PBXBuildFile; fileRef = A20000000000000000000001 /* MatrixHabitApp.swift */; };
		A10000000000000000000002 /* ContentView.swift in Sources */ = {isa = PBXBuildFile; fileRef = A20000000000000000000002 /* ContentView.swift */; };
		A10000000000000000000003 /* Colors.swift in Sources */ = {isa = PBXBuildFile; fileRef = A20000000000000000000003 /* Colors.swift */; };
		A10000000000000000000004 /* Typography.swift in Sources */ = {isa = PBXBuildFile; fileRef = A20000000000000000000004 /* Typography.swift */; };
		A10000000000000000000005 /* Spacing.swift in Sources */ = {isa = PBXBuildFile; fileRef = A20000000000000000000005 /* Spacing.swift */; };
		A10000000000000000000006 /* Theme.swift in Sources */ = {isa = PBXBuildFile; fileRef = A20000000000000000000006 /* Theme.swift */; };
		A10000000000000000000007 /* PrimaryButton.swift in Sources */ = {isa = PBXBuildFile; fileRef = A20000000000000000000007 /* PrimaryButton.swift */; };
		A10000000000000000000009 /* HabitCard.swift in Sources */ = {isa = PBXBuildFile; fileRef = A20000000000000000000009 /* HabitCard.swift */; };
		A10000000000000000000010 /* ProgressBar.swift in Sources */ = {isa = PBXBuildFile; fileRef = A20000000000000000000010 /* ProgressBar.swift */; };
		A10000000000000000000012 /* Power.swift in Sources */ = {isa = PBXBuildFile; fileRef = A20000000000000000000012 /* Power.swift */; };
		A10000000000000000000013 /* Agent.swift in Sources */ = {isa = PBXBuildFile; fileRef = A20000000000000000000013 /* Agent.swift */; };
		A10000000000000000000014 /* CheckIn.swift in Sources */ = {isa = PBXBuildFile; fileRef = A20000000000000000000014 /* CheckIn.swift */; };
		A10000000000000000000015 /* PresetHabits.swift in Sources */ = {isa = PBXBuildFile; fileRef = A20000000000000000000015 /* PresetHabits.swift */; };
		A10000000000000000000017 /* StreakCalculator.swift in Sources */ = {isa = PBXBuildFile; fileRef = A20000000000000000000017 /* StreakCalculator.swift */; };
		A10000000000000000000019 /* DateHelpers.swift in Sources */ = {isa = PBXBuildFile; fileRef = A20000000000000000000019 /* DateHelpers.swift */; };
		A10000000000000000000020 /* UserProfile.swift in Sources */ = {isa = PBXBuildFile; fileRef = A20000000000000000000020 /* UserProfile.swift */; };
		A10000000000000000000021 /* TerminalWakeUpView.swift in Sources */ = {isa = PBXBuildFile; fileRef = A20000000000000000000021 /* TerminalWakeUpView.swift */; };
		A10000000000000000000022 /* PillChoiceView.swift in Sources */ = {isa = PBXBuildFile; fileRef = A20000000000000000000022 /* PillChoiceView.swift */; };
		A10000000000000000000023 /* FirstHackSetupView.swift in Sources */ = {isa = PBXBuildFile; fileRef = A20000000000000000000023 /* FirstHackSetupView.swift */; };
		A10000000000000000000024 /* RankSystem.swift in Sources */ = {isa = PBXBuildFile; fileRef = A20000000000000000000024 /* RankSystem.swift */; };
		A10000000000000000000025 /* CommandCenterView.swift in Sources */ = {isa = PBXBuildFile; fileRef = A20000000000000000000025 /* CommandCenterView.swift */; };
		A10000000000000000000026 /* DialInView.swift in Sources */ = {isa = PBXBuildFile; fileRef = A20000000000000000000026 /* DialInView.swift */; };
		A10000000000000000000027 /* EMPRecoveryView.swift in Sources */ = {isa = PBXBuildFile; fileRef = A20000000000000000000027 /* EMPRecoveryView.swift */; };
		A10000000000000000000028 /* SignalAnalysisView.swift in Sources */ = {isa = PBXBuildFile; fileRef = A20000000000000000000028 /* SignalAnalysisView.swift */; };
		A10000000000000000000029 /* ZionMainframeView.swift in Sources */ = {isa = PBXBuildFile; fileRef = A20000000000000000000029 /* ZionMainframeView.swift */; };
		A10000000000000000000030 /* WhiteRabbitOverlay.swift in Sources */ = {isa = PBXBuildFile; fileRef = A20000000000000000000030 /* WhiteRabbitOverlay.swift */; };
		A10000000000000000000031 /* AnomalyReport.swift in Sources */ = {isa = PBXBuildFile; fileRef = A20000000000000000000031 /* AnomalyReport.swift */; };
		A10000000000000000000032 /* AnomalyReportsView.swift in Sources */ = {isa = PBXBuildFile; fileRef = A20000000000000000000032 /* AnomalyReportsView.swift */; };
		A10000000000000000000033 /* AwakeningView.swift in Sources */ = {isa = PBXBuildFile; fileRef = A20000000000000000000033 /* AwakeningView.swift */; };
		A10000000000000000000034 /* Achievement.swift in Sources */ = {isa = PBXBuildFile; fileRef = A20000000000000000000034 /* Achievement.swift */; };
		A10000000000000000000035 /* AchievementManager.swift in Sources */ = {isa = PBXBuildFile; fileRef = A20000000000000000000035 /* AchievementManager.swift */; };
		A10000000000000000000036 /* AchievementsView.swift in Sources */ = {isa = PBXBuildFile; fileRef = A20000000000000000000036 /* AchievementsView.swift */; };
		A10000000000000000000037 /* HabitDetailView.swift in Sources */ = {isa = PBXBuildFile; fileRef = A20000000000000000000037 /* HabitDetailView.swift */; };
		A10000000000000000000038 /* CollapsibleSection.swift in Sources */ = {isa = PBXBuildFile; fileRef = A20000000000000000000038 /* CollapsibleSection.swift */; };
		A10000000000000000000039 /* SidequestManager.swift in Sources */ = {isa = PBXBuildFile; fileRef = A20000000000000000000039 /* SidequestManager.swift */; };
		A10000000000000000000040 /* ConstructLoaderView.swift in Sources */ = {isa = PBXBuildFile; fileRef = A20000000000000000000040 /* ConstructLoaderView.swift */; };
		A10000000000000000000041 /* OracleInsightView.swift in Sources */ = {isa = PBXBuildFile; fileRef = A20000000000000000000041 /* OracleInsightView.swift */; };
		A10000000000000000000042 /* CodeBreakerView.swift in Sources */ = {isa = PBXBuildFile; fileRef = A20000000000000000000042 /* CodeBreakerView.swift */; };
		A10000000000000000000043 /* CombatTrainingView.swift in Sources */ = {isa = PBXBuildFile; fileRef = A20000000000000000000043 /* CombatTrainingView.swift */; };
		A10000000000000000000044 /* SystemMaintenanceView.swift in Sources */ = {isa = PBXBuildFile; fileRef = A20000000000000000000044 /* SystemMaintenanceView.swift */; };
		A10000000000000000000045 /* UserDefaultsKeys.swift in Sources */ = {isa = PBXBuildFile; fileRef = A20000000000000000000045 /* UserDefaultsKeys.swift */; };
		A10000000000000000000046 /* GlitchEffect.swift in Sources */ = {isa = PBXBuildFile; fileRef = A20000000000000000000046 /* GlitchEffect.swift */; };
		A10000000000000000000047 /* AnomalyManager.swift in Sources */ = {isa = PBXBuildFile; fileRef = A20000000000000000000047 /* AnomalyManager.swift */; };
		A10000000000000000000050 /* ProgramStatusList.swift in Sources */ = {isa = PBXBuildFile; fileRef = A20000000000000000000050 /* ProgramStatusList.swift */; };
		A10000000000000000000051 /* SystemStatusCard.swift in Sources */ = {isa = PBXBuildFile; fileRef = A20000000000000000000051 /* SystemStatusCard.swift */; };
		A10000000000000000000052 /* TierPromotionManager.swift in Sources */ = {isa = PBXBuildFile; fileRef = A20000000000000000000052 /* TierPromotionManager.swift */; };
		A10000000000000000000053 /* TierPromotionSheet.swift in Sources */ = {isa = PBXBuildFile; fileRef = A20000000000000000000053 /* TierPromotionSheet.swift */; };
		A10000000000000000000054 /* ProtocolCompleteView.swift in Sources */ = {isa = PBXBuildFile; fileRef = A20000000000000000000054 /* ProtocolCompleteView.swift */; };
		A10000000000000000000055 /* HabitTypes.swift in Sources */ = {isa = PBXBuildFile; fileRef = A20000000000000000000055 /* HabitTypes.swift */; };
		A10000000000000000000060 /* TestHelpers.swift in Sources */ = {isa = PBXBuildFile; fileRef = A20000000000000000000060 /* TestHelpers.swift */; };
		A10000000000000000000061 /* StreakCalculatorTests.swift in Sources */ = {isa = PBXBuildFile; fileRef = A20000000000000000000061 /* StreakCalculatorTests.swift */; };
		A10000000000000000000062 /* RankSystemTests.swift in Sources */ = {isa = PBXBuildFile; fileRef = A20000000000000000000062 /* RankSystemTests.swift */; };
		A10000000000000000000100 /* OnboardingComponents.swift in Sources */ = {isa = PBXBuildFile; fileRef = A20000000000000000000100 /* OnboardingComponents.swift */; };
		A10000000000000000000101 /* OnboardingTypes.swift in Sources */ = {isa = PBXBuildFile; fileRef = A20000000000000000000101 /* OnboardingTypes.swift */; };
		A10000000000000000000102 /* PrisonerRecordPhase.swift in Sources */ = {isa = PBXBuildFile; fileRef = A20000000000000000000102 /* PrisonerRecordPhase.swift */; };
		A10000000000000000000103 /* HookQuestionPhase.swift in Sources */ = {isa = PBXBuildFile; fileRef = A20000000000000000000103 /* HookQuestionPhase.swift */; };
		A10000000000000000000104 /* ProblemSelectionPhase.swift in Sources */ = {isa = PBXBuildFile; fileRef = A20000000000000000000104 /* ProblemSelectionPhase.swift */; };
		A10000000000000000000105 /* YearsDeletedPhase.swift in Sources */ = {isa = PBXBuildFile; fileRef = A20000000000000000000105 /* YearsDeletedPhase.swift */; };
		A10000000000000000000106 /* BrokenPromisesPhase.swift in Sources */ = {isa = PBXBuildFile; fileRef = A20000000000000000000106 /* BrokenPromisesPhase.swift */; };
		A10000000000000000000107 /* PostScrollEmotionPhase.swift in Sources */ = {isa = PBXBuildFile; fileRef = A20000000000000000000107 /* PostScrollEmotionPhase.swift */; };
		A10000000000000000000108 /* KineticIntegrityPhase.swift in Sources */ = {isa = PBXBuildFile; fileRef = A20000000000000000000108 /* KineticIntegrityPhase.swift */; };
		A10000000000000000000109 /* FuelPurityPhase.swift in Sources */ = {isa = PBXBuildFile; fileRef = A20000000000000000000109 /* FuelPurityPhase.swift */; };
		A10000000000000000000110 /* RechargeCyclePhase.swift in Sources */ = {isa = PBXBuildFile; fileRef = A20000000000000000000110 /* RechargeCyclePhase.swift */; };
		A10000000000000000000111 /* MotivationCheckPhase.swift in Sources */ = {isa = PBXBuildFile; fileRef = A20000000000000000000111 /* MotivationCheckPhase.swift */; };
		A10000000000000000000112 /* RedBluePillPhase.swift in Sources */ = {isa = PBXBuildFile; fileRef = A20000000000000000000112 /* RedBluePillPhase.swift */; };
		A10000000000000000000113 /* TheTruthPhase.swift in Sources */ = {isa = PBXBuildFile; fileRef = A20000000000000000000113 /* TheTruthPhase.swift */; };
		A10000000000000000000114 /* TheWayOutPhase.swift in Sources */ = {isa = PBXBuildFile; fileRef = A20000000000000000000114 /* TheWayOutPhase.swift */; };
		A10000000000000000000115 /* SolutionProtocolPhase.swift in Sources */ = {isa = PBXBuildFile; fileRef = A20000000000000000000115 /* SolutionProtocolPhase.swift */; };
		A10000000000000000000116 /* ContractPhase.swift in Sources */ = {isa = PBXBuildFile; fileRef = A20000000000000000000116 /* ContractPhase.swift */; };
		A10000000000000000000117 /* TerminologyCardPhase.swift in Sources */ = {isa = PBXBuildFile; fileRef = A20000000000000000000117 /* TerminologyCardPhase.swift */; };
		A10000000000000000000118 /* LoadoutExpectationPhase.swift in Sources */ = {isa = PBXBuildFile; fileRef = A20000000000000000000118 /* LoadoutExpectationPhase.swift */; };
		A10000000000000000000119 /* ErrorLogger.swift in Sources */ = {isa = PBXBuildFile; fileRef = A20000000000000000000119 /* ErrorLogger.swift */; };
		A10000000000000000000120 /* AddHabitSheet.swift in Sources */ = {isa = PBXBuildFile; fileRef = A20000000000000000000120 /* AddHabitSheet.swift */; };
		A10000000000000000000121 /* AchievementsTabView.swift in Sources */ = {isa = PBXBuildFile; fileRef = A20000000000000000000121 /* AchievementsTabView.swift */; };
		A10000000000000000000122 /* CommandCenterOverlays.swift in Sources */ = {isa = PBXBuildFile; fileRef = A20000000000000000000122 /* CommandCenterOverlays.swift */; };
		A10000000000000000000123 /* HabitProtocol.swift in Sources */ = {isa = PBXBuildFile; fileRef = A20000000000000000000123 /* HabitProtocol.swift */; };
		CFB78A40B5406845F49986BF /* CheckInService.swift in Sources */ = {isa = PBXBuildFile; fileRef = 41454C1F4BFDEA76C9D73C34 /* CheckInService.swift */; };
		D0F8926E679B0FEF22FDAC15 /* RedPillPaywallView.swift in Sources */ = {isa = PBXBuildFile; fileRef = 84C540CCE7ECB02F6DEF67D4 /* RedPillPaywallView.swift */; };
		D4E2B8A0F9C3561B4A7CAD02 /* CheckInHabitIntent.swift in Sources */ = {isa = PBXBuildFile; fileRef = B3C1A7F9E8D2450A3F6B9C01 /* CheckInHabitIntent.swift */; };
		E5F3C9B1A0D4672C5B8DBE03 /* CheckInHabitIntent.swift in Sources */ = {isa = PBXBuildFile; fileRef = B3C1A7F9E8D2450A3F6B9C01 /* CheckInHabitIntent.swift */; };
		D85C4D072077AFF92F5EC2A8 /* UserProfileTests.swift in Sources */ = {isa = PBXBuildFile; fileRef = 8EA3C51FF0C57DE112DA7FCA /* UserProfileTests.swift */; };
		DC441609CCAB3C3636D45834 /* MatrixHabitWidgetBundle.swift in Sources */ = {isa = PBXBuildFile; fileRef = 02E8F8790CA4A992986788DE /* MatrixHabitWidgetBundle.swift */; };
		E8A070F8574889CB556BD7E5 /* checkin_success.wav in Resources */ = {isa = PBXBuildFile; fileRef = A88AFE7440F045B4586986D4 /* checkin_success.wav */; };
		EDFCEE40A028CE2F23357D85 /* NotificationManager.swift in Sources */ = {isa = PBXBuildFile; fileRef = BBD956249358B70A8E378656 /* NotificationManager.swift */; };
		EEAA3862172B2CE85F5BF4AB /* Assets.xcassets in Resources */ = {isa = PBXBuildFile; fileRef = 63A450645B6B5FF0597004A8 /* Assets.xcassets */; };
		FD30E3479808CF05FFF2FFB1 /* SoundManager.swift in Sources */ = {isa = PBXBuildFile; fileRef = 6F4D78370018637B6B3901F3 /* SoundManager.swift */; };
/* End PBXBuildFile section */

/* Begin PBXContainerItemProxy section */
		2852E0E8FA0378A79241390B /* PBXContainerItemProxy */ = {
			isa = PBXContainerItemProxy;
			containerPortal = A00000000000000000000001 /* Project object */;
			proxyType = 1;
			remoteGlobalIDString = 4E9FB638A45229088B2F15A0;
			remoteInfo = MatrixHabitWidgetExtension;
		};
		C10000000000000000000001 /* PBXContainerItemProxy */ = {
			isa = PBXContainerItemProxy;
			containerPortal = A00000000000000000000001 /* Project object */;
			proxyType = 1;
			remoteGlobalIDString = A60000000000000000000001;
			remoteInfo = MatrixHabit;
		};
/* End PBXContainerItemProxy section */

/* Begin PBXCopyFilesBuildPhase section */
		01B97229D25F7BBDAA0C9ED5 /* Embed App Extensions */ = {
			isa = PBXCopyFilesBuildPhase;
			buildActionMask = 2147483647;
			dstPath = "";
			dstSubfolderSpec = 13;
			files = (
				9589E8C436701EA2B00813CB /* MatrixHabitWidgetExtension.appex in Embed App Extensions */,
			);
			name = "Embed App Extensions";
			runOnlyForDeploymentPostprocessing = 0;
		};
/* End PBXCopyFilesBuildPhase section */

/* Begin PBXFileReference section */
		02E8F8790CA4A992986788DE /* MatrixHabitWidgetBundle.swift */ = {isa = PBXFileReference; includeInIndex = 1; lastKnownFileType = sourcecode.swift; path = MatrixHabitWidgetBundle.swift; sourceTree = "<group>"; };
		169C0881A1A85D114C13DB0F /* achievement.wav */ = {isa = PBXFileReference; includeInIndex = 1; lastKnownFileType = audio.wav; path = achievement.wav; sourceTree = "<group>"; };
		18A2B614440173E161C8C791 /* WidgetDataManager.swift */ = {isa = PBXFileReference; includeInIndex = 1; lastKnownFileType = sourcecode.swift; path = WidgetDataManager.swift; sourceTree = "<group>"; };
		27346A7F7E6BCFB51663C378 /* LaunchScreen.swift */ = {isa = PBXFileReference; includeInIndex = 1; lastKnownFileType = sourcecode.swift; path = LaunchScreen.swift; sourceTree = "<group>"; };
		41454C1F4BFDEA76C9D73C34 /* CheckInService.swift */ = {isa = PBXFileReference; includeInIndex = 1; lastKnownFileType = sourcecode.swift; path = CheckInService.swift; sourceTree = "<group>"; };
		43C088720660EF148AE5EB81 /* Foundation.framework */ = {isa = PBXFileReference; lastKnownFileType = wrapper.framework; name = Foundation.framework; path = Platforms/iPhoneOS.platform/Developer/SDKs/iPhoneOS18.0.sdk/System/Library/Frameworks/Foundation.framework; sourceTree = DEVELOPER_DIR; };
		465374ED9F81D2E25CA313BD /* ReviewManager.swift */ = {isa = PBXFileReference; includeInIndex = 1; lastKnownFileType = sourcecode.swift; name = ReviewManager.swift; path = Services/ReviewManager.swift; sourceTree = "<group>"; };
		4668DA011E394FD441410964 /* MatrixHabitWidget.swift */ = {isa = PBXFileReference; includeInIndex = 1; lastKnownFileType = sourcecode.swift; path = MatrixHabitWidget.swift; sourceTree = "<group>"; };
		46EFA478ED02B83874290ECA /* LaunchScreen.storyboard */ = {isa = PBXFileReference; includeInIndex = 1; lastKnownFileType = file.storyboard; path = LaunchScreen.storyboard; sourceTree = "<group>"; };
		5520FF3B8395AB415C4076B9 /* MatrixHabit.storekit */ = {isa = PBXFileReference; includeInIndex = 1; path = MatrixHabit.storekit; sourceTree = "<group>"; };
		5E87ED45BDE6FDAFBD3ACF7D /* DateHelperTests.swift */ = {isa = PBXFileReference; includeInIndex = 1; lastKnownFileType = sourcecode.swift; path = DateHelperTests.swift; sourceTree = "<group>"; };
		63A450645B6B5FF0597004A8 /* Assets.xcassets */ = {isa = PBXFileReference; includeInIndex = 1; lastKnownFileType = folder.assetcatalog; path = Assets.xcassets; sourceTree = "<group>"; };
		657FC22F1BB665E84708F3D1 /* button_tap.wav */ = {isa = PBXFileReference; includeInIndex = 1; lastKnownFileType = audio.wav; path = button_tap.wav; sourceTree = "<group>"; };
		6F4D78370018637B6B3901F3 /* SoundManager.swift */ = {isa = PBXFileReference; includeInIndex = 1; lastKnownFileType = sourcecode.swift; name = SoundManager.swift; path = Services/SoundManager.swift; sourceTree = "<group>"; };
		744D159F24E0F444A9E05151 /* streak_milestone.wav */ = {isa = PBXFileReference; includeInIndex = 1; lastKnownFileType = audio.wav; path = streak_milestone.wav; sourceTree = "<group>"; };
		7534156F000EB69CE39E42FA /* MatrixHabit.entitlements */ = {isa = PBXFileReference; includeInIndex = 1; lastKnownFileType = text.plist.entitlements; path = MatrixHabit.entitlements; sourceTree = "<group>"; };
		84C540CCE7ECB02F6DEF67D4 /* RedPillPaywallView.swift */ = {isa = PBXFileReference; includeInIndex = 1; lastKnownFileType = sourcecode.swift; path = RedPillPaywallView.swift; sourceTree = "<group>"; };
		8EA3C51FF0C57DE112DA7FCA /* UserProfileTests.swift */ = {isa = PBXFileReference; includeInIndex = 1; lastKnownFileType = sourcecode.swift; path = UserProfileTests.swift; sourceTree = "<group>"; };
		903B865343E0674F8A0D02CE /* hold_progress.wav */ = {isa = PBXFileReference; includeInIndex = 1; lastKnownFileType = audio.wav; path = hold_progress.wav; sourceTree = "<group>"; };
		B3C1A7F9E8D2450A3F6B9C01 /* CheckInHabitIntent.swift */ = {isa = PBXFileReference; includeInIndex = 1; lastKnownFileType = sourcecode.swift; path = CheckInHabitIntent.swift; sourceTree = "<group>"; };
		A20000000000000000000001 /* MatrixHabitApp.swift */ = {isa = PBXFileReference; lastKnownFileType = sourcecode.swift; path = MatrixHabitApp.swift; sourceTree = "<group>"; };
		A20000000000000000000002 /* ContentView.swift */ = {isa = PBXFileReference; lastKnownFileType = sourcecode.swift; path = ContentView.swift; sourceTree = "<group>"; };
		A20000000000000000000003 /* Colors.swift */ = {isa = PBXFileReference; lastKnownFileType = sourcecode.swift; path = Colors.swift; sourceTree = "<group>"; };
		A20000000000000000000004 /* Typography.swift */ = {isa = PBXFileReference; lastKnownFileType = sourcecode.swift; path = Typography.swift; sourceTree = "<group>"; };
		A20000000000000000000005 /* Spacing.swift */ = {isa = PBXFileReference; lastKnownFileType = sourcecode.swift; path = Spacing.swift; sourceTree = "<group>"; };
		A20000000000000000000006 /* Theme.swift */ = {isa = PBXFileReference; lastKnownFileType = sourcecode.swift; path = Theme.swift; sourceTree = "<group>"; };
		A20000000000000000000007 /* PrimaryButton.swift */ = {isa = PBXFileReference; lastKnownFileType = sourcecode.swift; path = PrimaryButton.swift; sourceTree = "<group>"; };
		A20000000000000000000008 /* SecondaryButton.swift */ = {isa = PBXFileReference; lastKnownFileType = sourcecode.swift; path = SecondaryButton.swift; sourceTree = "<group>"; };
		A20000000000000000000009 /* HabitCard.swift */ = {isa = PBXFileReference; lastKnownFileType = sourcecode.swift; path = HabitCard.swift; sourceTree = "<group>"; };
		A20000000000000000000010 /* ProgressBar.swift */ = {isa = PBXFileReference; lastKnownFileType = sourcecode.swift; path = ProgressBar.swift; sourceTree = "<group>"; };
		A20000000000000000000011 /* EmptyStateView.swift */ = {isa = PBXFileReference; lastKnownFileType = sourcecode.swift; path = EmptyStateView.swift; sourceTree = "<group>"; };
		A20000000000000000000012 /* Power.swift */ = {isa = PBXFileReference; lastKnownFileType = sourcecode.swift; path = Power.swift; sourceTree = "<group>"; };
		A20000000000000000000013 /* Agent.swift */ = {isa = PBXFileReference; lastKnownFileType = sourcecode.swift; path = Agent.swift; sourceTree = "<group>"; };
		A20000000000000000000014 /* CheckIn.swift */ = {isa = PBXFileReference; lastKnownFileType = sourcecode.swift; path = CheckIn.swift; sourceTree = "<group>"; };
		A20000000000000000000015 /* PresetHabits.swift */ = {isa = PBXFileReference; lastKnownFileType = sourcecode.swift; path = PresetHabits.swift; sourceTree = "<group>"; };
		A20000000000000000000016 /* DataManager.swift */ = {isa = PBXFileReference; lastKnownFileType = sourcecode.swift; path = DataManager.swift; sourceTree = "<group>"; };
		A20000000000000000000017 /* StreakCalculator.swift */ = {isa = PBXFileReference; lastKnownFileType = sourcecode.swift; path = StreakCalculator.swift; sourceTree = "<group>"; };
		A20000000000000000000018 /* ExportService.swift */ = {isa = PBXFileReference; lastKnownFileType = sourcecode.swift; path = ExportService.swift; sourceTree = "<group>"; };
		A20000000000000000000019 /* DateHelpers.swift */ = {isa = PBXFileReference; lastKnownFileType = sourcecode.swift; path = DateHelpers.swift; sourceTree = "<group>"; };
		A20000000000000000000020 /* UserProfile.swift */ = {isa = PBXFileReference; lastKnownFileType = sourcecode.swift; path = UserProfile.swift; sourceTree = "<group>"; };
		A20000000000000000000021 /* TerminalWakeUpView.swift */ = {isa = PBXFileReference; lastKnownFileType = sourcecode.swift; path = TerminalWakeUpView.swift; sourceTree = "<group>"; };
		A20000000000000000000022 /* PillChoiceView.swift */ = {isa = PBXFileReference; lastKnownFileType = sourcecode.swift; path = PillChoiceView.swift; sourceTree = "<group>"; };
		A20000000000000000000023 /* FirstHackSetupView.swift */ = {isa = PBXFileReference; lastKnownFileType = sourcecode.swift; path = FirstHackSetupView.swift; sourceTree = "<group>"; };
		A20000000000000000000024 /* RankSystem.swift */ = {isa = PBXFileReference; lastKnownFileType = sourcecode.swift; path = RankSystem.swift; sourceTree = "<group>"; };
		A20000000000000000000025 /* CommandCenterView.swift */ = {isa = PBXFileReference; lastKnownFileType = sourcecode.swift; path = CommandCenterView.swift; sourceTree = "<group>"; };
		A20000000000000000000026 /* DialInView.swift */ = {isa = PBXFileReference; lastKnownFileType = sourcecode.swift; path = DialInView.swift; sourceTree = "<group>"; };
		A20000000000000000000027 /* EMPRecoveryView.swift */ = {isa = PBXFileReference; lastKnownFileType = sourcecode.swift; path = EMPRecoveryView.swift; sourceTree = "<group>"; };
		A20000000000000000000028 /* SignalAnalysisView.swift */ = {isa = PBXFileReference; lastKnownFileType = sourcecode.swift; path = SignalAnalysisView.swift; sourceTree = "<group>"; };
		A20000000000000000000029 /* ZionMainframeView.swift */ = {isa = PBXFileReference; lastKnownFileType = sourcecode.swift; path = ZionMainframeView.swift; sourceTree = "<group>"; };
		A20000000000000000000030 /* WhiteRabbitOverlay.swift */ = {isa = PBXFileReference; lastKnownFileType = sourcecode.swift; path = WhiteRabbitOverlay.swift; sourceTree = "<group>"; };
		A20000000000000000000031 /* AnomalyReport.swift */ = {isa = PBXFileReference; lastKnownFileType = sourcecode.swift; path = AnomalyReport.swift; sourceTree = "<group>"; };
		A20000000000000000000032 /* AnomalyReportsView.swift */ = {isa = PBXFileReference; lastKnownFileType = sourcecode.swift; path = AnomalyReportsView.swift; sourceTree = "<group>"; };
		A20000000000000000000033 /* AwakeningView.swift */ = {isa = PBXFileReference; lastKnownFileType = sourcecode.swift; path = AwakeningView.swift; sourceTree = "<group>"; };
		A20000000000000000000034 /* Achievement.swift */ = {isa = PBXFileReference; lastKnownFileType = sourcecode.swift; path = Achievement.swift; sourceTree = "<group>"; };
		A20000000000000000000035 /* AchievementManager.swift */ = {isa = PBXFileReference; lastKnownFileType = sourcecode.swift; path = AchievementManager.swift; sourceTree = "<group>"; };
		A20000000000000000000036 /* AchievementsView.swift */ = {isa = PBXFileReference; lastKnownFileType = sourcecode.swift; path = AchievementsView.swift; sourceTree = "<group>"; };
		A20000000000000000000037 /* HabitDetailView.swift */ = {isa = PBXFileReference; lastKnownFileType = sourcecode.swift; path = HabitDetailView.swift; sourceTree = "<group>"; };
		A20000000000000000000038 /* CollapsibleSection.swift */ = {isa = PBXFileReference; lastKnownFileType = sourcecode.swift; path = CollapsibleSection.swift; sourceTree = "<group>"; };
		A20000000000000000000039 /* SidequestManager.swift */ = {isa = PBXFileReference; lastKnownFileType = sourcecode.swift; path = SidequestManager.swift; sourceTree = "<group>"; };
		A20000000000000000000040 /* ConstructLoaderView.swift */ = {isa = PBXFileReference; lastKnownFileType = sourcecode.swift; path = ConstructLoaderView.swift; sourceTree = "<group>"; };
		A20000000000000000000041 /* OracleInsightView.swift */ = {isa = PBXFileReference; lastKnownFileType = sourcecode.swift; path = OracleInsightView.swift; sourceTree = "<group>"; };
		A20000000000000000000042 /* CodeBreakerView.swift */ = {isa = PBXFileReference; lastKnownFileType = sourcecode.swift; path = CodeBreakerView.swift; sourceTree = "<group>"; };
		A20000000000000000000043 /* CombatTrainingView.swift */ = {isa = PBXFileReference; lastKnownFileType = sourcecode.swift; path = CombatTrainingView.swift; sourceTree = "<group>"; };
		A20000000000000000000044 /* SystemMaintenanceView.swift */ = {isa = PBXFileReference; lastKnownFileType = sourcecode.swift; path = SystemMaintenanceView.swift; sourceTree = "<group>"; };
		A20000000000000000000045 /* UserDefaultsKeys.swift */ = {isa = PBXFileReference; lastKnownFileType = sourcecode.swift; path = UserDefaultsKeys.swift; sourceTree = "<group>"; };
		A20000000000000000000046 /* GlitchEffect.swift */ = {isa = PBXFileReference; lastKnownFileType = sourcecode.swift; path = GlitchEffect.swift; sourceTree = "<group>"; };
		A20000000000000000000047 /* AnomalyManager.swift */ = {isa = PBXFileReference; lastKnownFileType = sourcecode.swift; path = AnomalyManager.swift; sourceTree = "<group>"; };
		A20000000000000000000050 /* ProgramStatusList.swift */ = {isa = PBXFileReference; lastKnownFileType = sourcecode.swift; path = ProgramStatusList.swift; sourceTree = "<group>"; };
		A20000000000000000000051 /* SystemStatusCard.swift */ = {isa = PBXFileReference; lastKnownFileType = sourcecode.swift; path = SystemStatusCard.swift; sourceTree = "<group>"; };
		A20000000000000000000052 /* TierPromotionManager.swift */ = {isa = PBXFileReference; lastKnownFileType = sourcecode.swift; path = TierPromotionManager.swift; sourceTree = "<group>"; };
		A20000000000000000000053 /* TierPromotionSheet.swift */ = {isa = PBXFileReference; lastKnownFileType = sourcecode.swift; path = TierPromotionSheet.swift; sourceTree = "<group>"; };
		A20000000000000000000054 /* ProtocolCompleteView.swift */ = {isa = PBXFileReference; lastKnownFileType = sourcecode.swift; path = ProtocolCompleteView.swift; sourceTree = "<group>"; };
		A20000000000000000000055 /* HabitTypes.swift */ = {isa = PBXFileReference; lastKnownFileType = sourcecode.swift; path = HabitTypes.swift; sourceTree = "<group>"; };
		A20000000000000000000060 /* TestHelpers.swift */ = {isa = PBXFileReference; lastKnownFileType = sourcecode.swift; path = TestHelpers.swift; sourceTree = "<group>"; };
		A20000000000000000000061 /* StreakCalculatorTests.swift */ = {isa = PBXFileReference; lastKnownFileType = sourcecode.swift; path = StreakCalculatorTests.swift; sourceTree = "<group>"; };
		A20000000000000000000062 /* RankSystemTests.swift */ = {isa = PBXFileReference; lastKnownFileType = sourcecode.swift; path = RankSystemTests.swift; sourceTree = "<group>"; };
		A20000000000000000000100 /* OnboardingComponents.swift */ = {isa = PBXFileReference; lastKnownFileType = sourcecode.swift; path = OnboardingComponents.swift; sourceTree = "<group>"; };
		A20000000000000000000101 /* OnboardingTypes.swift */ = {isa = PBXFileReference; lastKnownFileType = sourcecode.swift; path = OnboardingTypes.swift; sourceTree = "<group>"; };
		A20000000000000000000102 /* PrisonerRecordPhase.swift */ = {isa = PBXFileReference; lastKnownFileType = sourcecode.swift; path = PrisonerRecordPhase.swift; sourceTree = "<group>"; };
		A20000000000000000000103 /* HookQuestionPhase.swift */ = {isa = PBXFileReference; lastKnownFileType = sourcecode.swift; path = HookQuestionPhase.swift; sourceTree = "<group>"; };
		A20000000000000000000104 /* ProblemSelectionPhase.swift */ = {isa = PBXFileReference; lastKnownFileType = sourcecode.swift; path = ProblemSelectionPhase.swift; sourceTree = "<group>"; };
		A20000000000000000000105 /* YearsDeletedPhase.swift */ = {isa = PBXFileReference; lastKnownFileType = sourcecode.swift; path = YearsDeletedPhase.swift; sourceTree = "<group>"; };
		A20000000000000000000106 /* BrokenPromisesPhase.swift */ = {isa = PBXFileReference; lastKnownFileType = sourcecode.swift; path = BrokenPromisesPhase.swift; sourceTree = "<group>"; };
		A20000000000000000000107 /* PostScrollEmotionPhase.swift */ = {isa = PBXFileReference; lastKnownFileType = sourcecode.swift; path = PostScrollEmotionPhase.swift; sourceTree = "<group>"; };
		A20000000000000000000108 /* KineticIntegrityPhase.swift */ = {isa = PBXFileReference; lastKnownFileType = sourcecode.swift; path = KineticIntegrityPhase.swift; sourceTree = "<group>"; };
		A20000000000000000000109 /* FuelPurityPhase.swift */ = {isa = PBXFileReference; lastKnownFileType = sourcecode.swift; path = FuelPurityPhase.swift; sourceTree = "<group>"; };
		A20000000000000000000110 /* RechargeCyclePhase.swift */ = {isa = PBXFileReference; lastKnownFileType = sourcecode.swift; path = RechargeCyclePhase.swift; sourceTree = "<group>"; };
		A20000000000000000000111 /* MotivationCheckPhase.swift */ = {isa = PBXFileReference; lastKnownFileType = sourcecode.swift; path = MotivationCheckPhase.swift; sourceTree = "<group>"; };
		A20000000000000000000112 /* RedBluePillPhase.swift */ = {isa = PBXFileReference; lastKnownFileType = sourcecode.swift; path = RedBluePillPhase.swift; sourceTree = "<group>"; };
		A20000000000000000000113 /* TheTruthPhase.swift */ = {isa = PBXFileReference; lastKnownFileType = sourcecode.swift; path = TheTruthPhase.swift; sourceTree = "<group>"; };
		A20000000000000000000114 /* TheWayOutPhase.swift */ = {isa = PBXFileReference; lastKnownFileType = sourcecode.swift; path = TheWayOutPhase.swift; sourceTree = "<group>"; };
		A20000000000000000000115 /* SolutionProtocolPhase.swift */ = {isa = PBXFileReference; lastKnownFileType = sourcecode.swift; path = SolutionProtocolPhase.swift; sourceTree = "<group>"; };
		A20000000000000000000116 /* ContractPhase.swift */ = {isa = PBXFileReference; lastKnownFileType = sourcecode.swift; path = ContractPhase.swift; sourceTree = "<group>"; };
		A20000000000000000000117 /* TerminologyCardPhase.swift */ = {isa = PBXFileReference; lastKnownFileType = sourcecode.swift; path = TerminologyCardPhase.swift; sourceTree = "<group>"; };
		A20000000000000000000118 /* LoadoutExpectationPhase.swift */ = {isa = PBXFileReference; lastKnownFileType = sourcecode.swift; path = LoadoutExpectationPhase.swift; sourceTree = "<group>"; };
		A20000000000000000000119 /* ErrorLogger.swift */ = {isa = PBXFileReference; lastKnownFileType = sourcecode.swift; path = ErrorLogger.swift; sourceTree = "<group>"; };
		A20000000000000000000120 /* AddHabitSheet.swift */ = {isa = PBXFileReference; lastKnownFileType = sourcecode.swift; path = AddHabitSheet.swift; sourceTree = "<group>"; };
		A20000000000000000000121 /* AchievementsTabView.swift */ = {isa = PBXFileReference; lastKnownFileType = sourcecode.swift; path = AchievementsTabView.swift; sourceTree = "<group>"; };
		A20000000000000000000122 /* CommandCenterOverlays.swift */ = {isa = PBXFileReference; lastKnownFileType = sourcecode.swift; path = CommandCenterOverlays.swift; sourceTree = "<group>"; };
		A20000000000000000000123 /* HabitProtocol.swift */ = {isa = PBXFileReference; lastKnownFileType = sourcecode.swift; path = HabitProtocol.swift; sourceTree = "<group>"; };
		A2391B164664DBF38516EAB8 /* emp_token.wav */ = {isa = PBXFileReference; includeInIndex = 1; lastKnownFileType = audio.wav; path = emp_token.wav; sourceTree = "<group>"; };
		A30000000000000000000001 /* MatrixHabit.app */ = {isa = PBXFileReference; explicitFileType = wrapper.application; includeInIndex = 0; path = MatrixHabit.app; sourceTree = BUILT_PRODUCTS_DIR; };
		A30000000000000000000002 /* MatrixHabitTests.xctest */ = {isa = PBXFileReference; explicitFileType = wrapper.cfbundle; includeInIndex = 0; path = MatrixHabitTests.xctest; sourceTree = BUILT_PRODUCTS_DIR; };
		A592456D85393BE521FFF5B9 /* AgentModelTests.swift */ = {isa = PBXFileReference; includeInIndex = 1; lastKnownFileType = sourcecode.swift; path = AgentModelTests.swift; sourceTree = "<group>"; };
		A75546D554C6F98500D00C4A /* StoreManager.swift */ = {isa = PBXFileReference; includeInIndex = 1; lastKnownFileType = sourcecode.swift; path = StoreManager.swift; sourceTree = "<group>"; };
		A88AFE7440F045B4586986D4 /* checkin_success.wav */ = {isa = PBXFileReference; includeInIndex = 1; lastKnownFileType = audio.wav; path = checkin_success.wav; sourceTree = "<group>"; };
		AB6854DD93AB6C8D0636DA90 /* relapse.wav */ = {isa = PBXFileReference; includeInIndex = 1; lastKnownFileType = audio.wav; path = relapse.wav; sourceTree = "<group>"; };
		AE37942D2C58372361438ED6 /* level_up.wav */ = {isa = PBXFileReference; includeInIndex = 1; lastKnownFileType = audio.wav; path = level_up.wav; sourceTree = "<group>"; };
		AE8FA29CD5AF187514CE7A21 /* PowerModelTests.swift */ = {isa = PBXFileReference; includeInIndex = 1; lastKnownFileType = sourcecode.swift; path = PowerModelTests.swift; sourceTree = "<group>"; };
		BACF54F5E4495AAA1E8C958A /* MatrixHabitWidgetExtension.appex */ = {isa = PBXFileReference; explicitFileType = "wrapper.app-extension"; includeInIndex = 0; path = MatrixHabitWidgetExtension.appex; sourceTree = BUILT_PRODUCTS_DIR; };
		BBD956249358B70A8E378656 /* NotificationManager.swift */ = {isa = PBXFileReference; includeInIndex = 1; lastKnownFileType = sourcecode.swift; name = NotificationManager.swift; path = Services/NotificationManager.swift; sourceTree = "<group>"; };
		C9B9E58C0D2C85184C07FD0A /* MatrixHabitWidget.entitlements */ = {isa = PBXFileReference; includeInIndex = 1; lastKnownFileType = text.plist.entitlements; path = MatrixHabitWidget.entitlements; sourceTree = "<group>"; };
		E353CAF5616CDFF66A0B72EF /* terminal_type.wav */ = {isa = PBXFileReference; includeInIndex = 1; lastKnownFileType = audio.wav; path = terminal_type.wav; sourceTree = "<group>"; };
		F6CEB398142C7F3D85608A39 /* FrequencySchedulingTests.swift */ = {isa = PBXFileReference; includeInIndex = 1; lastKnownFileType = sourcecode.swift; path = FrequencySchedulingTests.swift; sourceTree = "<group>"; };
		FD45AF3888E4A411E42F5919 /* protocol_complete.wav */ = {isa = PBXFileReference; includeInIndex = 1; lastKnownFileType = audio.wav; path = protocol_complete.wav; sourceTree = "<group>"; };
/* End PBXFileReference section */

/* Begin PBXFrameworksBuildPhase section */
		747978DF02E778E5772100BB /* Frameworks */ = {
			isa = PBXFrameworksBuildPhase;
			buildActionMask = 2147483647;
			files = (
				67EFD91C8FCFCD6FA7B5D004 /* Foundation.framework in Frameworks */,
			);
			runOnlyForDeploymentPostprocessing = 0;
		};
		A40000000000000000000001 /* Frameworks */ = {
			isa = PBXFrameworksBuildPhase;
			buildActionMask = 2147483647;
			files = (
			);
			runOnlyForDeploymentPostprocessing = 0;
		};
		A40000000000000000000002 /* Frameworks */ = {
			isa = PBXFrameworksBuildPhase;
			buildActionMask = 2147483647;
			files = (
			);
			runOnlyForDeploymentPostprocessing = 0;
		};
/* End PBXFrameworksBuildPhase section */

/* Begin PBXGroup section */
		05509B747C6DBDD911B30DC6 /* Sounds */ = {
			isa = PBXGroup;
			children = (
				657FC22F1BB665E84708F3D1 /* button_tap.wav */,
				903B865343E0674F8A0D02CE /* hold_progress.wav */,
				AB6854DD93AB6C8D0636DA90 /* relapse.wav */,
				FD45AF3888E4A411E42F5919 /* protocol_complete.wav */,
				A88AFE7440F045B4586986D4 /* checkin_success.wav */,
				169C0881A1A85D114C13DB0F /* achievement.wav */,
				A2391B164664DBF38516EAB8 /* emp_token.wav */,
				AE37942D2C58372361438ED6 /* level_up.wav */,
				E353CAF5616CDFF66A0B72EF /* terminal_type.wav */,
				744D159F24E0F444A9E05151 /* streak_milestone.wav */,
			);
			path = Sounds;
			sourceTree = "<group>";
		};
		1451885AA81D5AF6335251CA /* Services */ = {
			isa = PBXGroup;
			children = (
				BBD956249358B70A8E378656 /* NotificationManager.swift */,
				6F4D78370018637B6B3901F3 /* SoundManager.swift */,
				465374ED9F81D2E25CA313BD /* ReviewManager.swift */,
			);
			name = Services;
			sourceTree = "<group>";
		};
		52B763F79911DABB6CD08DCE /* Frameworks */ = {
			isa = PBXGroup;
			children = (
				9083CB9BE47A822E41F92550 /* iOS */,
			);
			name = Frameworks;
			sourceTree = "<group>";
		};
		9083CB9BE47A822E41F92550 /* iOS */ = {
			isa = PBXGroup;
			children = (
				43C088720660EF148AE5EB81 /* Foundation.framework */,
			);
			name = iOS;
			sourceTree = "<group>";
		};
		9D6951C0C0B33A35A50158EF /* MatrixHabitWidget */ = {
			isa = PBXGroup;
			children = (
				4668DA011E394FD441410964 /* MatrixHabitWidget.swift */,
				02E8F8790CA4A992986788DE /* MatrixHabitWidgetBundle.swift */,
				B3C1A7F9E8D2450A3F6B9C01 /* CheckInHabitIntent.swift */,
				C9B9E58C0D2C85184C07FD0A /* MatrixHabitWidget.entitlements */,
			);
			name = MatrixHabitWidget;
			path = MatrixHabitWidget;
			sourceTree = "<group>";
		};
		A50000000000000000000001 = {
			isa = PBXGroup;
			children = (
				A50000000000000000000002 /*  */,
				A50000000000000000000011 /* MatrixHabitTests */,
				A50000000000000000000003 /* Products */,
				1451885AA81D5AF6335251CA /* Services */,
				05509B747C6DBDD911B30DC6 /* Sounds */,
				63A450645B6B5FF0597004A8 /* Assets.xcassets */,
				46EFA478ED02B83874290ECA /* LaunchScreen.storyboard */,
				27346A7F7E6BCFB51663C378 /* LaunchScreen.swift */,
				7534156F000EB69CE39E42FA /* MatrixHabit.entitlements */,
				52B763F79911DABB6CD08DCE /* Frameworks */,
				9D6951C0C0B33A35A50158EF /* MatrixHabitWidget */,
				5520FF3B8395AB415C4076B9 /* MatrixHabit.storekit */,
			);
			sourceTree = "<group>";
		};
		A50000000000000000000002 /*  */ = {
			isa = PBXGroup;
			children = (
				A20000000000000000000001 /* MatrixHabitApp.swift */,
				A20000000000000000000002 /* ContentView.swift */,
				A50000000000000000000004 /* Theme */,
				A50000000000000000000005 /* Components */,
				A50000000000000000000006 /* Models */,
				A50000000000000000000007 /* Services */,
				A50000000000000000000008 /* Utilities */,
				A50000000000000000000009 /* Views */,
			);
			name = "";
			sourceTree = "<group>";
		};
		A50000000000000000000003 /* Products */ = {
			isa = PBXGroup;
			children = (
				A30000000000000000000001 /* MatrixHabit.app */,
				A30000000000000000000002 /* MatrixHabitTests.xctest */,
				BACF54F5E4495AAA1E8C958A /* MatrixHabitWidgetExtension.appex */,
			);
			name = Products;
			sourceTree = "<group>";
		};
		A50000000000000000000004 /* Theme */ = {
			isa = PBXGroup;
			children = (
				A20000000000000000000003 /* Colors.swift */,
				A20000000000000000000004 /* Typography.swift */,
				A20000000000000000000005 /* Spacing.swift */,
				A20000000000000000000006 /* Theme.swift */,
			);
			path = Theme;
			sourceTree = "<group>";
		};
		A50000000000000000000005 /* Components */ = {
			isa = PBXGroup;
			children = (
				A20000000000000000000007 /* PrimaryButton.swift */,
				A20000000000000000000008 /* SecondaryButton.swift */,
				A20000000000000000000009 /* HabitCard.swift */,
				A20000000000000000000010 /* ProgressBar.swift */,
				A20000000000000000000011 /* EmptyStateView.swift */,
				A20000000000000000000038 /* CollapsibleSection.swift */,
				A20000000000000000000050 /* ProgramStatusList.swift */,
				A20000000000000000000051 /* SystemStatusCard.swift */,
				A20000000000000000000053 /* TierPromotionSheet.swift */,
				A20000000000000000000054 /* ProtocolCompleteView.swift */,
			);
			path = Components;
			sourceTree = "<group>";
		};
		A50000000000000000000006 /* Models */ = {
			isa = PBXGroup;
			children = (
				A20000000000000000000012 /* Power.swift */,
				A20000000000000000000013 /* Agent.swift */,
				A20000000000000000000014 /* CheckIn.swift */,
				A20000000000000000000015 /* PresetHabits.swift */,
				A20000000000000000000031 /* AnomalyReport.swift */,
				A20000000000000000000034 /* Achievement.swift */,
				A20000000000000000000055 /* HabitTypes.swift */,
				A20000000000000000000123 /* HabitProtocol.swift */,
			);
			path = Models;
			sourceTree = "<group>";
		};
		A50000000000000000000007 /* Services */ = {
			isa = PBXGroup;
			children = (
				A20000000000000000000016 /* DataManager.swift */,
				A20000000000000000000017 /* StreakCalculator.swift */,
				A20000000000000000000018 /* ExportService.swift */,
				A20000000000000000000035 /* AchievementManager.swift */,
				A20000000000000000000047 /* AnomalyManager.swift */,
				A20000000000000000000052 /* TierPromotionManager.swift */,
				A20000000000000000000119 /* ErrorLogger.swift */,
				A75546D554C6F98500D00C4A /* StoreManager.swift */,
				18A2B614440173E161C8C791 /* WidgetDataManager.swift */,
				41454C1F4BFDEA76C9D73C34 /* CheckInService.swift */,
			);
			path = Services;
			sourceTree = "<group>";
		};
		A50000000000000000000008 /* Utilities */ = {
			isa = PBXGroup;
			children = (
				A20000000000000000000019 /* DateHelpers.swift */,
				A20000000000000000000020 /* UserProfile.swift */,
				A20000000000000000000024 /* RankSystem.swift */,
				A20000000000000000000039 /* SidequestManager.swift */,
				A20000000000000000000045 /* UserDefaultsKeys.swift */,
				A20000000000000000000046 /* GlitchEffect.swift */,
			);
			path = Utilities;
			sourceTree = "<group>";
		};
		A50000000000000000000009 /* Views */ = {
			isa = PBXGroup;
			children = (
				A20000000000000000000021 /* TerminalWakeUpView.swift */,
				A20000000000000000000022 /* PillChoiceView.swift */,
				A20000000000000000000023 /* FirstHackSetupView.swift */,
				A20000000000000000000025 /* CommandCenterView.swift */,
				A20000000000000000000120 /* AddHabitSheet.swift */,
				A20000000000000000000121 /* AchievementsTabView.swift */,
				A20000000000000000000122 /* CommandCenterOverlays.swift */,
				A20000000000000000000026 /* DialInView.swift */,
				A20000000000000000000027 /* EMPRecoveryView.swift */,
				A20000000000000000000028 /* SignalAnalysisView.swift */,
				A20000000000000000000029 /* ZionMainframeView.swift */,
				A20000000000000000000030 /* WhiteRabbitOverlay.swift */,
				A20000000000000000000032 /* AnomalyReportsView.swift */,
				A20000000000000000000033 /* AwakeningView.swift */,
				A20000000000000000000036 /* AchievementsView.swift */,
				A20000000000000000000037 /* HabitDetailView.swift */,
				A20000000000000000000040 /* ConstructLoaderView.swift */,
				A50000000000000000000010 /* Sidequests */,
				A50000000000000000000012 /* Onboarding */,
				84C540CCE7ECB02F6DEF67D4 /* RedPillPaywallView.swift */,
			);
			path = Views;
			sourceTree = "<group>";
		};
		A50000000000000000000010 /* Sidequests */ = {
			isa = PBXGroup;
			children = (
				A20000000000000000000041 /* OracleInsightView.swift */,
				A20000000000000000000042 /* CodeBreakerView.swift */,
				A20000000000000000000043 /* CombatTrainingView.swift */,
				A20000000000000000000044 /* SystemMaintenanceView.swift */,
			);
			path = Sidequests;
			sourceTree = "<group>";
		};
		A50000000000000000000011 /* MatrixHabitTests */ = {
			isa = PBXGroup;
			children = (
				A20000000000000000000060 /* TestHelpers.swift */,
				A20000000000000000000061 /* StreakCalculatorTests.swift */,
				A20000000000000000000062 /* RankSystemTests.swift */,
				AE8FA29CD5AF187514CE7A21 /* PowerModelTests.swift */,
				A592456D85393BE521FFF5B9 /* AgentModelTests.swift */,
				5E87ED45BDE6FDAFBD3ACF7D /* DateHelperTests.swift */,
				8EA3C51FF0C57DE112DA7FCA /* UserProfileTests.swift */,
				F6CEB398142C7F3D85608A39 /* FrequencySchedulingTests.swift */,
			);
			path = MatrixHabitTests;
			sourceTree = "<group>";
		};
		A50000000000000000000012 /* Onboarding */ = {
			isa = PBXGroup;
			children = (
				A20000000000000000000100 /* OnboardingComponents.swift */,
				A20000000000000000000101 /* OnboardingTypes.swift */,
				A20000000000000000000102 /* PrisonerRecordPhase.swift */,
				A20000000000000000000103 /* HookQuestionPhase.swift */,
				A20000000000000000000104 /* ProblemSelectionPhase.swift */,
				A20000000000000000000105 /* YearsDeletedPhase.swift */,
				A20000000000000000000106 /* BrokenPromisesPhase.swift */,
				A20000000000000000000107 /* PostScrollEmotionPhase.swift */,
				A20000000000000000000108 /* KineticIntegrityPhase.swift */,
				A20000000000000000000109 /* FuelPurityPhase.swift */,
				A20000000000000000000110 /* RechargeCyclePhase.swift */,
				A20000000000000000000111 /* MotivationCheckPhase.swift */,
				A20000000000000000000112 /* RedBluePillPhase.swift */,
				A20000000000000000000113 /* TheTruthPhase.swift */,
				A20000000000000000000114 /* TheWayOutPhase.swift */,
				A20000000000000000000115 /* SolutionProtocolPhase.swift */,
				A20000000000000000000116 /* ContractPhase.swift */,
				A20000000000000000000117 /* TerminologyCardPhase.swift */,
				A20000000000000000000118 /* LoadoutExpectationPhase.swift */,
			);
			path = Onboarding;
			sourceTree = "<group>";
		};
/* End PBXGroup section */

/* Begin PBXNativeTarget section */
		4E9FB638A45229088B2F15A0 /* MatrixHabitWidgetExtension */ = {
			isa = PBXNativeTarget;
			buildConfigurationList = C0B70F61759AEC5061AD1078 /* Build configuration list for PBXNativeTarget "MatrixHabitWidgetExtension" */;
			buildPhases = (
				7D5281E168D4EA3C7B9C54BE /* Sources */,
				747978DF02E778E5772100BB /* Frameworks */,
				12617450BD7DEEEFA3BFF4AD /* Resources */,
			);
			buildRules = (
			);
			dependencies = (
			);
			name = MatrixHabitWidgetExtension;
			productName = MatrixHabitWidgetExtension;
			productReference = BACF54F5E4495AAA1E8C958A /* MatrixHabitWidgetExtension.appex */;
			productType = "com.apple.product-type.app-extension";
		};
		A60000000000000000000001 /* MatrixHabit */ = {
			isa = PBXNativeTarget;
			buildConfigurationList = A80000000000000000000001 /* Build configuration list for PBXNativeTarget "MatrixHabit" */;
			buildPhases = (
				A70000000000000000000001 /* Sources */,
				A40000000000000000000001 /* Frameworks */,
				A90000000000000000000001 /* Resources */,
				01B97229D25F7BBDAA0C9ED5 /* Embed App Extensions */,
			);
			buildRules = (
			);
			dependencies = (
				E9A8A982A6AC1EA07BB67F32 /* PBXTargetDependency */,
			);
			name = MatrixHabit;
			productName = MatrixHabit;
			productReference = A30000000000000000000001 /* MatrixHabit.app */;
			productType = "com.apple.product-type.application";
		};
		A60000000000000000000002 /* MatrixHabitTests */ = {
			isa = PBXNativeTarget;
			buildConfigurationList = A80000000000000000000003 /* Build configuration list for PBXNativeTarget "MatrixHabitTests" */;
			buildPhases = (
				A70000000000000000000002 /* Sources */,
				A40000000000000000000002 /* Frameworks */,
				A90000000000000000000002 /* Resources */,
			);
			buildRules = (
			);
			dependencies = (
				C20000000000000000000001 /* PBXTargetDependency */,
			);
			name = MatrixHabitTests;
			productName = MatrixHabitTests;
			productReference = A30000000000000000000002 /* MatrixHabitTests.xctest */;
			productType = "com.apple.product-type.bundle.unit-test";
		};
/* End PBXNativeTarget section */

/* Begin PBXProject section */
		A00000000000000000000001 /* Project object */ = {
			isa = PBXProject;
			attributes = {
				BuildIndependentTargetsInParallel = 1;
				LastSwiftUpdateCheck = 1500;
				LastUpgradeCheck = 1500;
				TargetAttributes = {
					A60000000000000000000001 = {
						CreatedOnToolsVersion = 15.0;
					};
					A60000000000000000000002 = {
						CreatedOnToolsVersion = 15.0;
						TestTargetID = A60000000000000000000001;
					};
				};
			};
			buildConfigurationList = A80000000000000000000002 /* Build configuration list for PBXProject "MatrixHabit" */;
			compatibilityVersion = "Xcode 14.0";
			developmentRegion = en;
			hasScannedForEncodings = 0;
			knownRegions = (
				en,
				Base,
			);
			mainGroup = A50000000000000000000001;
			productRefGroup = A50000000000000000000003 /* Products */;
			projectDirPath = "";
			projectRoot = "";
			targets = (
				A60000000000000000000001 /* MatrixHabit */,
				A60000000000000000000002 /* MatrixHabitTests */,
				4E9FB638A45229088B2F15A0 /* MatrixHabitWidgetExtension */,
			);
		};
/* End PBXProject section */

/* Begin PBXResourcesBuildPhase section */
		12617450BD7DEEEFA3BFF4AD /* Resources */ = {
			isa = PBXResourcesBuildPhase;
			buildActionMask = 2147483647;
			files = (
			);
			runOnlyForDeploymentPostprocessing = 0;
		};
		A90000000000000000000001 /* Resources */ = {
			isa = PBXResourcesBuildPhase;
			buildActionMask = 2147483647;
			files = (
				7E38BF593F19B146347EB034 /* button_tap.wav in Resources */,
				8ED4E16FC66D1E4C860BAA1C /* hold_progress.wav in Resources */,
				85C01190660CC48F5ABF34E0 /* relapse.wav in Resources */,
				68B3B229D7C242CEC08E9C6D /* protocol_complete.wav in Resources */,
				E8A070F8574889CB556BD7E5 /* checkin_success.wav in Resources */,
				2F3FAAF30719F665A19AA5F3 /* achievement.wav in Resources */,
				852622C14586109AC8BFB97B /* emp_token.wav in Resources */,
				7307B7B77AF069BAE0DD9F15 /* level_up.wav in Resources */,
				1BC995D9506B243A69710A3D /* terminal_type.wav in Resources */,
				3763539E710B3C9071DF0C71 /* streak_milestone.wav in Resources */,
				EEAA3862172B2CE85F5BF4AB /* Assets.xcassets in Resources */,
				5E56CD481D26C06B084EAF52 /* LaunchScreen.storyboard in Resources */,
			);
			runOnlyForDeploymentPostprocessing = 0;
		};
		A90000000000000000000002 /* Resources */ = {
			isa = PBXResourcesBuildPhase;
			buildActionMask = 2147483647;
			files = (
			);
			runOnlyForDeploymentPostprocessing = 0;
		};
/* End PBXResourcesBuildPhase section */

/* Begin PBXSourcesBuildPhase section */
		7D5281E168D4EA3C7B9C54BE /* Sources */ = {
			isa = PBXSourcesBuildPhase;
			buildActionMask = 2147483647;
			files = (
				447834A86DB2C23DD4C98060 /* MatrixHabitWidget.swift in Sources */,
				DC441609CCAB3C3636D45834 /* MatrixHabitWidgetBundle.swift in Sources */,
				D4E2B8A0F9C3561B4A7CAD02 /* CheckInHabitIntent.swift in Sources */,
			);
			runOnlyForDeploymentPostprocessing = 0;
		};
		A70000000000000000000001 /* Sources */ = {
			isa = PBXSourcesBuildPhase;
			buildActionMask = 2147483647;
			files = (
				A10000000000000000000001 /* MatrixHabitApp.swift in Sources */,
				A10000000000000000000002 /* ContentView.swift in Sources */,
				A10000000000000000000003 /* Colors.swift in Sources */,
				A10000000000000000000004 /* Typography.swift in Sources */,
				A10000000000000000000005 /* Spacing.swift in Sources */,
				A10000000000000000000006 /* Theme.swift in Sources */,
				A10000000000000000000007 /* PrimaryButton.swift in Sources */,
				A10000000000000000000009 /* HabitCard.swift in Sources */,
				A10000000000000000000010 /* ProgressBar.swift in Sources */,
				A10000000000000000000012 /* Power.swift in Sources */,
				A10000000000000000000013 /* Agent.swift in Sources */,
				A10000000000000000000014 /* CheckIn.swift in Sources */,
				A10000000000000000000015 /* PresetHabits.swift in Sources */,
				A10000000000000000000017 /* StreakCalculator.swift in Sources */,
				A10000000000000000000019 /* DateHelpers.swift in Sources */,
				A10000000000000000000020 /* UserProfile.swift in Sources */,
				A10000000000000000000021 /* TerminalWakeUpView.swift in Sources */,
				A10000000000000000000022 /* PillChoiceView.swift in Sources */,
				A10000000000000000000023 /* FirstHackSetupView.swift in Sources */,
				A10000000000000000000024 /* RankSystem.swift in Sources */,
				A10000000000000000000025 /* CommandCenterView.swift in Sources */,
				A10000000000000000000026 /* DialInView.swift in Sources */,
				A10000000000000000000027 /* EMPRecoveryView.swift in Sources */,
				A10000000000000000000028 /* SignalAnalysisView.swift in Sources */,
				A10000000000000000000029 /* ZionMainframeView.swift in Sources */,
				A10000000000000000000030 /* WhiteRabbitOverlay.swift in Sources */,
				A10000000000000000000031 /* AnomalyReport.swift in Sources */,
				A10000000000000000000032 /* AnomalyReportsView.swift in Sources */,
				A10000000000000000000033 /* AwakeningView.swift in Sources */,
				A10000000000000000000034 /* Achievement.swift in Sources */,
				A10000000000000000000035 /* AchievementManager.swift in Sources */,
				A10000000000000000000036 /* AchievementsView.swift in Sources */,
				A10000000000000000000037 /* HabitDetailView.swift in Sources */,
				A10000000000000000000038 /* CollapsibleSection.swift in Sources */,
				A10000000000000000000039 /* SidequestManager.swift in Sources */,
				A10000000000000000000040 /* ConstructLoaderView.swift in Sources */,
				A10000000000000000000041 /* OracleInsightView.swift in Sources */,
				A10000000000000000000042 /* CodeBreakerView.swift in Sources */,
				A10000000000000000000043 /* CombatTrainingView.swift in Sources */,
				A10000000000000000000044 /* SystemMaintenanceView.swift in Sources */,
				A10000000000000000000045 /* UserDefaultsKeys.swift in Sources */,
				A10000000000000000000046 /* GlitchEffect.swift in Sources */,
				A10000000000000000000047 /* AnomalyManager.swift in Sources */,
				A10000000000000000000050 /* ProgramStatusList.swift in Sources */,
				A10000000000000000000051 /* SystemStatusCard.swift in Sources */,
				A10000000000000000000052 /* TierPromotionManager.swift in Sources */,
				A10000000000000000000053 /* TierPromotionSheet.swift in Sources */,
				A10000000000000000000054 /* ProtocolCompleteView.swift in Sources */,
				A10000000000000000000055 /* HabitTypes.swift in Sources */,
				A10000000000000000000100 /* OnboardingComponents.swift in Sources */,
				A10000000000000000000101 /* OnboardingTypes.swift in Sources */,
				A10000000000000000000102 /* PrisonerRecordPhase.swift in Sources */,
				A10000000000000000000103 /* HookQuestionPhase.swift in Sources */,
				A10000000000000000000104 /* ProblemSelectionPhase.swift in Sources */,
				A10000000000000000000105 /* YearsDeletedPhase.swift in Sources */,
				A10000000000000000000106 /* BrokenPromisesPhase.swift in Sources */,
				A10000000000000000000107 /* PostScrollEmotionPhase.swift in Sources */,
				A10000000000000000000108 /* KineticIntegrityPhase.swift in Sources */,
				A10000000000000000000109 /* FuelPurityPhase.swift in Sources */,
				A10000000000000000000110 /* RechargeCyclePhase.swift in Sources */,
				A10000000000000000000111 /* MotivationCheckPhase.swift in Sources */,
				A10000000000000000000112 /* RedBluePillPhase.swift in Sources */,
				A10000000000000000000113 /* TheTruthPhase.swift in Sources */,
				A10000000000000000000114 /* TheWayOutPhase.swift in Sources */,
				A10000000000000000000115 /* SolutionProtocolPhase.swift in Sources */,
				A10000000000000000000116 /* ContractPhase.swift in Sources */,
				A10000000000000000000117 /* TerminologyCardPhase.swift in Sources */,
				A10000000000000000000118 /* LoadoutExpectationPhase.swift in Sources */,
				A10000000000000000000119 /* ErrorLogger.swift in Sources */,
				A10000000000000000000120 /* AddHabitSheet.swift in Sources */,
				A10000000000000000000121 /* AchievementsTabView.swift in Sources */,
				A10000000000000000000122 /* CommandCenterOverlays.swift in Sources */,
				A10000000000000000000123 /* HabitProtocol.swift in Sources */,
				EDFCEE40A028CE2F23357D85 /* NotificationManager.swift in Sources */,
				FD30E3479808CF05FFF2FFB1 /* SoundManager.swift in Sources */,
				442D73B85923F3788453BEB5 /* LaunchScreen.swift in Sources */,
				29F324529CF59935FBFACB11 /* ReviewManager.swift in Sources */,
				0A5E603AEA70D82D982C2472 /* StoreManager.swift in Sources */,
				84FED044452FD91380D3E9F2 /* WidgetDataManager.swift in Sources */,
				CFB78A40B5406845F49986BF /* CheckInService.swift in Sources */,
				D0F8926E679B0FEF22FDAC15 /* RedPillPaywallView.swift in Sources */,
				E5F3C9B1A0D4672C5B8DBE03 /* CheckInHabitIntent.swift in Sources */,
			);
			runOnlyForDeploymentPostprocessing = 0;
		};
		A70000000000000000000002 /* Sources */ = {
			isa = PBXSourcesBuildPhase;
			buildActionMask = 2147483647;
			files = (
				A10000000000000000000060 /* TestHelpers.swift in Sources */,
				A10000000000000000000061 /* StreakCalculatorTests.swift in Sources */,
				A10000000000000000000062 /* RankSystemTests.swift in Sources */,
				79D31BDB5636FF1AFEE8C6DE /* PowerModelTests.swift in Sources */,
				9027234DAA2863A5A92D3F39 /* AgentModelTests.swift in Sources */,
				492E93962F77CCF4BCCCE054 /* DateHelperTests.swift in Sources */,
				D85C4D072077AFF92F5EC2A8 /* UserProfileTests.swift in Sources */,
				A07F01D86CAE814474D67506 /* FrequencySchedulingTests.swift in Sources */,
			);
			runOnlyForDeploymentPostprocessing = 0;
		};
/* End PBXSourcesBuildPhase section */

/* Begin PBXTargetDependency section */
		C20000000000000000000001 /* PBXTargetDependency */ = {
			isa = PBXTargetDependency;
			target = A60000000000000000000001 /* MatrixHabit */;
			targetProxy = C10000000000000000000001 /* PBXContainerItemProxy */;
		};
		E9A8A982A6AC1EA07BB67F32 /* PBXTargetDependency */ = {
			isa = PBXTargetDependency;
			name = MatrixHabitWidgetExtension;
			target = 4E9FB638A45229088B2F15A0 /* MatrixHabitWidgetExtension */;
			targetProxy = 2852E0E8FA0378A79241390B /* PBXContainerItemProxy */;
		};
/* End PBXTargetDependency section */

/* Begin XCBuildConfiguration section */
		4E3B65F8D260FBE17DD6CFC8 /* Debug */ = {
			isa = XCBuildConfiguration;
			buildSettings = {
				ASSETCATALOG_COMPILER_GLOBAL_ACCENT_COLOR_NAME = AccentColor;
				ASSETCATALOG_COMPILER_WIDGET_BACKGROUND_COLOR_NAME = WidgetBackground;
				CLANG_ENABLE_OBJC_WEAK = NO;
				CODE_SIGN_ENTITLEMENTS = MatrixHabitWidget/MatrixHabitWidget.entitlements;
				CODE_SIGN_STYLE = Automatic;
				CURRENT_PROJECT_VERSION = 3;
				DEVELOPMENT_TEAM = 26N9LR8N99;
				GENERATE_INFOPLIST_FILE = YES;
				INFOPLIST_FILE = MatrixHabitWidget/Info.plist;
				INFOPLIST_KEY_CFBundleDisplayName = "MatrixHabit Widget";
				INFOPLIST_KEY_NSHumanReadableCopyright = "";
				IPHONEOS_DEPLOYMENT_TARGET = 17.0;
				LD_RUNPATH_SEARCH_PATHS = (
					"$(inherited)",
					"@executable_path/Frameworks",
					"@executable_path/../../Frameworks",
				);
				MARKETING_VERSION = 1.1;
				PRODUCT_BUNDLE_IDENTIFIER = com.construct.MatrixHabit.widget;
				PRODUCT_NAME = "$(TARGET_NAME)";
				SDKROOT = iphoneos;
				SKIP_INSTALL = YES;
				SWIFT_EMIT_LOC_STRINGS = YES;
				SWIFT_VERSION = 5.0;
				TARGETED_DEVICE_FAMILY = "1,2";
			};
			name = Debug;
		};
		A43D149A658234C2DFDB2B7C /* Release */ = {
			isa = XCBuildConfiguration;
			buildSettings = {
				ASSETCATALOG_COMPILER_GLOBAL_ACCENT_COLOR_NAME = AccentColor;
				ASSETCATALOG_COMPILER_WIDGET_BACKGROUND_COLOR_NAME = WidgetBackground;
				CLANG_ENABLE_OBJC_WEAK = NO;
				CODE_SIGN_ENTITLEMENTS = MatrixHabitWidget/MatrixHabitWidget.entitlements;
				CODE_SIGN_STYLE = Automatic;
				CURRENT_PROJECT_VERSION = 3;
				DEVELOPMENT_TEAM = 26N9LR8N99;
				GENERATE_INFOPLIST_FILE = YES;
				INFOPLIST_FILE = MatrixHabitWidget/Info.plist;
				INFOPLIST_KEY_CFBundleDisplayName = "MatrixHabit Widget";
				INFOPLIST_KEY_NSHumanReadableCopyright = "";
				IPHONEOS_DEPLOYMENT_TARGET = 17.0;
				LD_RUNPATH_SEARCH_PATHS = (
					"$(inherited)",
					"@executable_path/Frameworks",
					"@executable_path/../../Frameworks",
				);
				MARKETING_VERSION = 1.1;
				PRODUCT_BUNDLE_IDENTIFIER = com.construct.MatrixHabit.widget;
				PRODUCT_NAME = "$(TARGET_NAME)";
				SDKROOT = iphoneos;
				SKIP_INSTALL = YES;
				SWIFT_EMIT_LOC_STRINGS = YES;
				SWIFT_VERSION = 5.0;
				TARGETED_DEVICE_FAMILY = "1,2";
				VALIDATE_PRODUCT = YES;
			};
			name = Release;
		};
		B10000000000000000000001 /* Debug */ = {
			isa = XCBuildConfiguration;
			buildSettings = {
				ALWAYS_SEARCH_USER_PATHS = NO;
				ASSETCATALOG_COMPILER_GENERATE_SWIFT_ASSET_SYMBOL_EXTENSIONS = YES;
				CLANG_ANALYZER_NONNULL = YES;
				CLANG_ANALYZER_NUMBER_OBJECT_CONVERSION = YES_AGGRESSIVE;
				CLANG_CXX_LANGUAGE_STANDARD = "gnu++20";
				CLANG_ENABLE_MODULES = YES;
				CLANG_ENABLE_OBJC_ARC = YES;
				CLANG_ENABLE_OBJC_WEAK = YES;
				CLANG_WARN_BLOCK_CAPTURE_AUTORELEASING = YES;
				CLANG_WARN_BOOL_CONVERSION = YES;
				CLANG_WARN_COMMA = YES;
				CLANG_WARN_CONSTANT_CONVERSION = YES;
				CLANG_WARN_DEPRECATED_OBJC_IMPLEMENTATIONS = YES;
				CLANG_WARN_DIRECT_OBJC_ISA_USAGE = YES_ERROR;
				CLANG_WARN_DOCUMENTATION_COMMENTS = YES;
				CLANG_WARN_EMPTY_BODY = YES;
				CLANG_WARN_ENUM_CONVERSION = YES;
				CLANG_WARN_INFINITE_RECURSION = YES;
				CLANG_WARN_INT_CONVERSION = YES;
				CLANG_WARN_NON_LITERAL_NULL_CONVERSION = YES;
				CLANG_WARN_OBJC_IMPLICIT_RETAIN_SELF = YES;
				CLANG_WARN_OBJC_LITERAL_CONVERSION = YES;
				CLANG_WARN_OBJC_ROOT_CLASS = YES_ERROR;
				CLANG_WARN_QUOTED_INCLUDE_IN_FRAMEWORK_HEADER = YES;
				CLANG_WARN_RANGE_LOOP_ANALYSIS = YES;
				CLANG_WARN_STRICT_PROTOTYPES = YES;
				CLANG_WARN_SUSPICIOUS_MOVE = YES;
				CLANG_WARN_UNGUARDED_AVAILABILITY = YES_AGGRESSIVE;
				CLANG_WARN_UNREACHABLE_CODE = YES;
				CLANG_WARN__DUPLICATE_METHOD_MATCH = YES;
				COPY_PHASE_STRIP = NO;
				DEBUG_INFORMATION_FORMAT = dwarf;
				ENABLE_STRICT_OBJC_MSGSEND = YES;
				ENABLE_TESTABILITY = YES;
				ENABLE_USER_SCRIPT_SANDBOXING = YES;
				GCC_C_LANGUAGE_STANDARD = gnu17;
				GCC_DYNAMIC_NO_PIC = NO;
				GCC_NO_COMMON_BLOCKS = YES;
				GCC_OPTIMIZATION_LEVEL = 0;
				GCC_PREPROCESSOR_DEFINITIONS = (
					"DEBUG=1",
					"$(inherited)",
				);
				GCC_WARN_64_TO_32_BIT_CONVERSION = YES;
				GCC_WARN_ABOUT_RETURN_TYPE = YES_ERROR;
				GCC_WARN_UNDECLARED_SELECTOR = YES;
				GCC_WARN_UNINITIALIZED_AUTOS = YES_AGGRESSIVE;
				GCC_WARN_UNUSED_FUNCTION = YES;
				GCC_WARN_UNUSED_VARIABLE = YES;
				IPHONEOS_DEPLOYMENT_TARGET = 17.0;
				LOCALIZATION_PREFERS_STRING_CATALOGS = YES;
				MTL_ENABLE_DEBUG_INFO = INCLUDE_SOURCE;
				MTL_FAST_MATH = YES;
				ONLY_ACTIVE_ARCH = YES;
				SDKROOT = iphoneos;
				SWIFT_ACTIVE_COMPILATION_CONDITIONS = "DEBUG $(inherited)";
				SWIFT_OPTIMIZATION_LEVEL = "-Onone";
			};
			name = Debug;
		};
		B10000000000000000000002 /* Release */ = {
			isa = XCBuildConfiguration;
			buildSettings = {
				ALWAYS_SEARCH_USER_PATHS = NO;
				ASSETCATALOG_COMPILER_GENERATE_SWIFT_ASSET_SYMBOL_EXTENSIONS = YES;
				CLANG_ANALYZER_NONNULL = YES;
				CLANG_ANALYZER_NUMBER_OBJECT_CONVERSION = YES_AGGRESSIVE;
				CLANG_CXX_LANGUAGE_STANDARD = "gnu++20";
				CLANG_ENABLE_MODULES = YES;
				CLANG_ENABLE_OBJC_ARC = YES;
				CLANG_ENABLE_OBJC_WEAK = YES;
				CLANG_WARN_BLOCK_CAPTURE_AUTORELEASING = YES;
				CLANG_WARN_BOOL_CONVERSION = YES;
				CLANG_WARN_COMMA = YES;
				CLANG_WARN_CONSTANT_CONVERSION = YES;
				CLANG_WARN_DEPRECATED_OBJC_IMPLEMENTATIONS = YES;
				CLANG_WARN_DIRECT_OBJC_ISA_USAGE = YES_ERROR;
				CLANG_WARN_DOCUMENTATION_COMMENTS = YES;
				CLANG_WARN_EMPTY_BODY = YES;
				CLANG_WARN_ENUM_CONVERSION = YES;
				CLANG_WARN_INFINITE_RECURSION = YES;
				CLANG_WARN_INT_CONVERSION = YES;
				CLANG_WARN_NON_LITERAL_NULL_CONVERSION = YES;
				CLANG_WARN_OBJC_IMPLICIT_RETAIN_SELF = YES;
				CLANG_WARN_OBJC_LITERAL_CONVERSION = YES;
				CLANG_WARN_OBJC_ROOT_CLASS = YES_ERROR;
				CLANG_WARN_QUOTED_INCLUDE_IN_FRAMEWORK_HEADER = YES;
				CLANG_WARN_RANGE_LOOP_ANALYSIS = YES;
				CLANG_WARN_STRICT_PROTOTYPES = YES;
				CLANG_WARN_SUSPICIOUS_MOVE = YES;
				CLANG_WARN_UNGUARDED_AVAILABILITY = YES_AGGRESSIVE;
				CLANG_WARN_UNREACHABLE_CODE = YES;
				CLANG_WARN__DUPLICATE_METHOD_MATCH = YES;
				COPY_PHASE_STRIP = NO;
				DEBUG_INFORMATION_FORMAT = "dwarf-with-dsym";
				ENABLE_NS_ASSERTIONS = NO;
				ENABLE_STRICT_OBJC_MSGSEND = YES;
				ENABLE_USER_SCRIPT_SANDBOXING = YES;
				GCC_C_LANGUAGE_STANDARD = gnu17;
				GCC_NO_COMMON_BLOCKS = YES;
				GCC_WARN_64_TO_32_BIT_CONVERSION = YES;
				GCC_WARN_ABOUT_RETURN_TYPE = YES_ERROR;
				GCC_WARN_UNDECLARED_SELECTOR = YES;
				GCC_WARN_UNINITIALIZED_AUTOS = YES_AGGRESSIVE;
				GCC_WARN_UNUSED_FUNCTION = YES;
				GCC_WARN_UNUSED_VARIABLE = YES;
				IPHONEOS_DEPLOYMENT_TARGET = 17.0;
				LOCALIZATION_PREFERS_STRING_CATALOGS = YES;
				MTL_ENABLE_DEBUG_INFO = NO;
				MTL_FAST_MATH = YES;
				SDKROOT = iphoneos;
				SWIFT_COMPILATION_MODE = wholemodule;
				VALIDATE_PRODUCT = YES;
			};
			name = Release;
		};
		B20000000000000000000001 /* Debug */ = {
			isa = XCBuildConfiguration;
			buildSettings = {
				ASSETCATALOG_COMPILER_APPICON_NAME = AppIcon;
				ASSETCATALOG_COMPILER_GLOBAL_ACCENT_COLOR_NAME = AccentColor;
				CODE_SIGN_ENTITLEMENTS = MatrixHabit.entitlements;
				CODE_SIGN_STYLE = Automatic;
				CURRENT_PROJECT_VERSION = 3;
				DEVELOPMENT_TEAM = 26N9LR8N99;
				ENABLE_PREVIEWS = YES;
				GENERATE_INFOPLIST_FILE = YES;
				INFOPLIST_KEY_UIApplicationSceneManifest_Generation = YES;
				INFOPLIST_KEY_UIApplicationSupportsIndirectInputEvents = YES;
				INFOPLIST_KEY_UILaunchStoryboardName = LaunchScreen;
				INFOPLIST_KEY_UISupportedInterfaceOrientations_iPad = "UIInterfaceOrientationPortrait UIInterfaceOrientationPortraitUpsideDown UIInterfaceOrientationLandscapeLeft UIInterfaceOrientationLandscapeRight";
				INFOPLIST_KEY_UISupportedInterfaceOrientations_iPhone = "UIInterfaceOrientationPortrait UIInterfaceOrientationLandscapeLeft UIInterfaceOrientationLandscapeRight";
				LD_RUNPATH_SEARCH_PATHS = (
					"$(inherited)",
					"@executable_path/Frameworks",
				);
				MARKETING_VERSION = 1.1;
				PRODUCT_BUNDLE_IDENTIFIER = com.construct.MatrixHabit;
				PRODUCT_NAME = "$(TARGET_NAME)";
				SWIFT_EMIT_LOC_STRINGS = YES;
				SWIFT_VERSION = 5.0;
				TARGETED_DEVICE_FAMILY = "1,2";
			};
			name = Debug;
		};
		B20000000000000000000002 /* Release */ = {
			isa = XCBuildConfiguration;
			buildSettings = {
				ASSETCATALOG_COMPILER_APPICON_NAME = AppIcon;
				ASSETCATALOG_COMPILER_GLOBAL_ACCENT_COLOR_NAME = AccentColor;
				CODE_SIGN_ENTITLEMENTS = MatrixHabit.entitlements;
				CODE_SIGN_STYLE = Automatic;
				CURRENT_PROJECT_VERSION = 3;
				DEVELOPMENT_TEAM = 26N9LR8N99;
				ENABLE_PREVIEWS = YES;
				GENERATE_INFOPLIST_FILE = YES;
				INFOPLIST_KEY_UIApplicationSceneManifest_Generation = YES;
				INFOPLIST_KEY_UIApplicationSupportsIndirectInputEvents = YES;
				INFOPLIST_KEY_UILaunchStoryboardName = LaunchScreen;
				INFOPLIST_KEY_UISupportedInterfaceOrientations_iPad = "UIInterfaceOrientationPortrait UIInterfaceOrientationPortraitUpsideDown UIInterfaceOrientationLandscapeLeft UIInterfaceOrientationLandscapeRight";
				INFOPLIST_KEY_UISupportedInterfaceOrientations_iPhone = "UIInterfaceOrientationPortrait UIInterfaceOrientationLandscapeLeft UIInterfaceOrientationLandscapeRight";
				LD_RUNPATH_SEARCH_PATHS = (
					"$(inherited)",
					"@executable_path/Frameworks",
				);
				MARKETING_VERSION = 1.1;
				PRODUCT_BUNDLE_IDENTIFIER = com.construct.MatrixHabit;
				PRODUCT_NAME = "$(TARGET_NAME)";
				SWIFT_EMIT_LOC_STRINGS = YES;
				SWIFT_VERSION = 5.0;
				TARGETED_DEVICE_FAMILY = "1,2";
			};
			name = Release;
		};
		B30000000000000000000001 /* Debug */ = {
			isa = XCBuildConfiguration;
			buildSettings = {
				BUNDLE_LOADER = "$(TEST_HOST)";
				CODE_SIGN_STYLE = Automatic;
				CURRENT_PROJECT_VERSION = 3;
				DEVELOPMENT_TEAM = "";
				GENERATE_INFOPLIST_FILE = YES;
				IPHONEOS_DEPLOYMENT_TARGET = 17.0;
				MARKETING_VERSION = 1.1;
				PRODUCT_BUNDLE_IDENTIFIER = com.construct.MatrixHabitTests;
				PRODUCT_NAME = "$(TARGET_NAME)";
				SWIFT_EMIT_LOC_STRINGS = NO;
				SWIFT_VERSION = 5.0;
				TARGETED_DEVICE_FAMILY = "1,2";
				TEST_HOST = "$(BUILT_PRODUCTS_DIR)/MatrixHabit.app/$(BUNDLE_EXECUTABLE_FOLDER_PATH)/MatrixHabit";
			};
			name = Debug;
		};
		B30000000000000000000002 /* Release */ = {
			isa = XCBuildConfiguration;
			buildSettings = {
				BUNDLE_LOADER = "$(TEST_HOST)";
				CODE_SIGN_STYLE = Automatic;
				CURRENT_PROJECT_VERSION = 3;
				DEVELOPMENT_TEAM = "";
				GENERATE_INFOPLIST_FILE = YES;
				IPHONEOS_DEPLOYMENT_TARGET = 17.0;
				MARKETING_VERSION = 1.1;
				PRODUCT_BUNDLE_IDENTIFIER = com.construct.MatrixHabitTests;
				PRODUCT_NAME = "$(TARGET_NAME)";
				SWIFT_EMIT_LOC_STRINGS = NO;
				SWIFT_VERSION = 5.0;
				TARGETED_DEVICE_FAMILY = "1,2";
				TEST_HOST = "$(BUILT_PRODUCTS_DIR)/MatrixHabit.app/$(BUNDLE_EXECUTABLE_FOLDER_PATH)/MatrixHabit";
			};
			name = Release;
		};
/* End XCBuildConfiguration section */

/* Begin XCConfigurationList section */
		A80000000000000000000001 /* Build configuration list for PBXNativeTarget "MatrixHabit" */ = {
			isa = XCConfigurationList;
			buildConfigurations = (
				B20000000000000000000001 /* Debug */,
				B20000000000000000000002 /* Release */,
			);
			defaultConfigurationIsVisible = 0;
			defaultConfigurationName = Release;
		};
		A80000000000000000000002 /* Build configuration list for PBXProject "MatrixHabit" */ = {
			isa = XCConfigurationList;
			buildConfigurations = (
				B10000000000000000000001 /* Debug */,
				B10000000000000000000002 /* Release */,
			);
			defaultConfigurationIsVisible = 0;
			defaultConfigurationName = Release;
		};
		A80000000000000000000003 /* Build configuration list for PBXNativeTarget "MatrixHabitTests" */ = {
			isa = XCConfigurationList;
			buildConfigurations = (
				B30000000000000000000001 /* Debug */,
				B30000000000000000000002 /* Release */,
			);
			defaultConfigurationIsVisible = 0;
			defaultConfigurationName = Release;
		};
		C0B70F61759AEC5061AD1078 /* Build configuration list for PBXNativeTarget "MatrixHabitWidgetExtension" */ = {
			isa = XCConfigurationList;
			buildConfigurations = (
				A43D149A658234C2DFDB2B7C /* Release */,
				4E3B65F8D260FBE17DD6CFC8 /* Debug */,
			);
			defaultConfigurationIsVisible = 0;
			defaultConfigurationName = Release;
		};
/* End XCConfigurationList section */
	};
	rootObject = A00000000000000000000001 /* Project object */;
}
